
Microsoft Visual Studio Solution File, Format Version 12.00
# Visual Studio Version 16
VisualStudioVersion = 16.0.30523.141
MinimumVisualStudioVersion = 10.0.40219.1
Project("{8BC9CEB8-8B4A-11D0-8D11-00A0C91BC942}") = "As6", "As6.vcxproj", "{D4530219-DDE3-4367-9116-40C8CCCA3DFE}"
EndProject
Global
	GlobalSection(SolutionConfigurationPlatforms) = preSolution
		Debug|x64 = Debug|x64
		Debug|x86 = Debug|x86
		Release|x64 = Release|x64
		Release|x86 = Release|x86
	EndGlobalSection
	GlobalSection(ProjectConfigurationPlatforms) = postSolution
		{D4530219-DDE3-4367-9116-40C8CCCA3DFE}.Debug|x64.ActiveCfg = Debug|x64
		{D4530219-DDE3-4367-9116-40C8CCCA3DFE}.Debug|x64.Build.0 = Debug|x64
		{D4530219-DDE3-4367-9116-40C8CCCA3DFE}.Debug|x86.ActiveCfg = Debug|Win32
		{D4530219-DDE3-4367-9116-40C8CCCA3DFE}.Debug|x86.Build.0 = Debug|Win32
		{D4530219-DDE3-4367-9116-40C8CCCA3DFE}.Release|x64.ActiveCfg = Release|x64
		{D4530219-DDE3-4367-9116-40C8CCCA3DFE}.Release|x64.Build.0 = Release|x64
		{D4530219-DDE3-4367-9116-40C8CCCA3DFE}.Release|x86.ActiveCfg = Release|Win32
		{D4530219-DDE3-4367-9116-40C8CCCA3DFE}.Release|x86.Build.0 = Release|Win32
	EndGlobalSection
	GlobalSection(SolutionProperties) = preSolution
		HideSolutionNode = FALSE
	EndGlobalSection
	GlobalSection(ExtensibilityGlobals) = postSolution
		SolutionGuid = {BC2342F1-A2DA-4BE8-B191-7FB6700AB3D2}
	EndGlobalSection
EndGlobal
